
Microsoft Visual Studio Solution File, Format Version 12.00
# Visual Studio Version 16
VisualStudioVersion = 16.0.29709.97
MinimumVisualStudioVersion = 10.0.40219.1
Project("{FAE04EC0-301F-11D3-BF4B-00C04F79EFBC}") = "Oblig1", "Oblig1\Oblig1.csproj", "{41E4BBAE-6D39-4A6D-B27A-6514B6C548E1}"
EndProject
Global
	GlobalSection(SolutionConfigurationPlatforms) = preSolution
		Debug|Any CPU = Debug|Any CPU
		Release|Any CPU = Release|Any CPU
	EndGlobalSection
	GlobalSection(ProjectConfigurationPlatforms) = postSolution
		{41E4BBAE-6D39-4A6D-B27A-6514B6C548E1}.Debug|Any CPU.ActiveCfg = Debug|Any CPU
		{41E4BBAE-6D39-4A6D-B27A-6514B6C548E1}.Debug|Any CPU.Build.0 = Debug|Any CPU
		{41E4BBAE-6D39-4A6D-B27A-6514B6C548E1}.Release|Any CPU.ActiveCfg = Release|Any CPU
		{41E4BBAE-6D39-4A6D-B27A-6514B6C548E1}.Release|Any CPU.Build.0 = Release|Any CPU
	EndGlobalSection
	GlobalSection(SolutionProperties) = preSolution
		HideSolutionNode = FALSE
	EndGlobalSection
	GlobalSection(ExtensibilityGlobals) = postSolution
		SolutionGuid = {3EE20A07-3AFD-4CD2-AEA4-D11D5437DF46}
	EndGlobalSection
EndGlobal
